// !$*UTF8*$!
{
	archiveVersion = 1;
	classes = {
	};
	objectVersion = 48;
	objects = {

/* Begin PBXBuildFile section */
		B183D7DB1F8530E200999139 /* AppDelegate.swift in Sources */ = {isa = PBXBuildFile; fileRef = B183D7DA1F8530E200999139 /* AppDelegate.swift */; };
		B183D7DD1F8530E200999139 /* ViewController.swift in Sources */ = {isa = PBXBuildFile; fileRef = B183D7DC1F8530E200999139 /* ViewController.swift */; };
		B183D7DF1F8530E200999139 /* Assets.xcassets in Resources */ = {isa = PBXBuildFile; fileRef = B183D7DE1F8530E200999139 /* Assets.xcassets */; };
		B183D7E21F8530E200999139 /* Main.storyboard in Resources */ = {isa = PBXBuildFile; fileRef = B183D7E01F8530E200999139 /* Main.storyboard */; };
		B183D7EB1F8531C700999139 /* ReadMe in Resources */ = {isa = PBXBuildFile; fileRef = B183D7EA1F8531C700999139 /* ReadMe */; };
/* End PBXBuildFile section */

/* Begin PBXFileReference section */
		B183D7D71F8530E200999139 /* FolderOdessaDemo.app */ = {isa = PBXFileReference; explicitFileType = wrapper.application; includeInIndex = 0; path = FolderOdessaDemo.app; sourceTree = BUILT_PRODUCTS_DIR; };
		B183D7DA1F8530E200999139 /* AppDelegate.swift */ = {isa = PBXFileReference; lastKnownFileType = sourcecode.swift; path = AppDelegate.swift; sourceTree = "<group>"; };
		B183D7DC1F8530E200999139 /* ViewController.swift */ = {isa = PBXFileReference; lastKnownFileType = sourcecode.swift; path = ViewController.swift; sourceTree = "<group>"; };
		B183D7DE1F8530E200999139 /* Assets.xcassets */ = {isa = PBXFileReference; lastKnownFileType = folder.assetcatalog; path = Assets.xcassets; sourceTree = "<group>"; };
		B183D7E11F8530E200999139 /* Base */ = {isa = PBXFileReference; lastKnownFileType = file.storyboard; name = Base; path = Base.lproj/Main.storyboard; sourceTree = "<group>"; };
		B183D7E31F8530E200999139 /* Info.plist */ = {isa = PBXFileReference; lastKnownFileType = text.plist.xml; path = Info.plist; sourceTree = "<group>"; };
		B183D7E41F8530E200999139 /* FolderOdessaDemo.entitlements */ = {isa = PBXFileReference; lastKnownFileType = text.plist.entitlements; path = FolderOdessaDemo.entitlements; sourceTree = "<group>"; };
		B183D7EA1F8531C700999139 /* ReadMe */ = {isa = PBXFileReference; lastKnownFileType = text; path = ReadMe; sourceTree = "<group>"; };
/* End PBXFileReference section */

/* Begin PBXFrameworksBuildPhase section */
		B183D7D41F8530E200999139 /* Frameworks */ = {
			isa = PBXFrameworksBuildPhase;
			buildActionMask = 2147483647;
			files = (
			);
			runOnlyForDeploymentPostprocessing = 0;
		};
/* End PBXFrameworksBuildPhase section */

/* Begin PBXGroup section */
		B183D7CE1F8530E200999139 = {
			isa = PBXGroup;
			children = (
				B183D7EA1F8531C700999139 /* ReadMe */,
				B183D7D91F8530E200999139 /* FolderOdessaDemo */,
				B183D7D81F8530E200999139 /* Products */,
			);
			sourceTree = "<group>";
		};
		B183D7D81F8530E200999139 /* Products */ = {
			isa = PBXGroup;
			children = (
				B183D7D71F8530E200999139 /* FolderOdessaDemo.app */,
			);
			name = Products;
			sourceTree = "<group>";
		};
		B183D7D91F8530E200999139 /* FolderOdessaDemo */ = {
			isa = PBXGroup;
			children = (
				B183D7DA1F8530E200999139 /* AppDelegate.swift */,
				B183D7DC1F8530E200999139 /* ViewController.swift */,
				B183D7DE1F8530E200999139 /* Assets.xcassets */,
				B183D7E01F8530E200999139 /* Main.storyboard */,
				B183D7E31F8530E200999139 /* Info.plist */,
				B183D7E41F8530E200999139 /* FolderOdessaDemo.entitlements */,
			);
			path = FolderOdessaDemo;
			sourceTree = "<group>";
		};
/* End PBXGroup section */

/* Begin PBXNativeTarget section */
		B183D7D61F8530E200999139 /* FolderOdessaDemo */ = {
			isa = PBXNativeTarget;
			buildConfigurationList = B183D7E71F8530E200999139 /* Build configuration list for PBXNativeTarget "FolderOdessaDemo" */;
			buildPhases = (
				B183D7D31F8530E200999139 /* Sources */,
				B183D7D41F8530E200999139 /* Frameworks */,
				B183D7D51F8530E200999139 /* Resources */,
			);
			buildRules = (
			);
			dependencies = (
			);
			name = FolderOdessaDemo;
			productName = FolderOdessaDemo;
			productReference = B183D7D71F8530E200999139 /* FolderOdessaDemo.app */;
			productType = "com.apple.product-type.application";
		};
/* End PBXNativeTarget section */

/* Begin PBXProject section */
		B183D7CF1F8530E200999139 /* Project object */ = {
			isa = PBXProject;
			attributes = {
				LastSwiftUpdateCheck = 0900;
				LastUpgradeCheck = 0900;
				ORGANIZATIONNAME = RemoteJob;
				TargetAttributes = {
					B183D7D61F8530E200999139 = {
						CreatedOnToolsVersion = 9.0;
						ProvisioningStyle = Automatic;
					};
				};
			};
			buildConfigurationList = B183D7D21F8530E200999139 /* Build configuration list for PBXProject "FolderOdessaDemo" */;
			compatibilityVersion = "Xcode 8.0";
			developmentRegion = en;
			hasScannedForEncodings = 0;
			knownRegions = (
				en,
				Base,
			);
			mainGroup = B183D7CE1F8530E200999139;
			productRefGroup = B183D7D81F8530E200999139 /* Products */;
			projectDirPath = "";
			projectRoot = "";
			targets = (
				B183D7D61F8530E200999139 /* FolderOdessaDemo */,
			);
		};
/* End PBXProject section */

/* Begin PBXResourcesBuildPhase section */
		B183D7D51F8530E200999139 /* Resources */ = {
			isa = PBXResourcesBuildPhase;
			buildActionMask = 2147483647;
			files = (
				B183D7DF1F8530E200999139 /* Assets.xcassets in Resources */,
				B183D7E21F8530E200999139 /* Main.storyboard in Resources */,
				B183D7EB1F8531C700999139 /* ReadMe in Resources */,
			);
			runOnlyForDeploymentPostprocessing = 0;
		};
/* End PBXResourcesBuildPhase section */

/* Begin PBXSourcesBuildPhase section */
		B183D7D31F8530E200999139 /* Sources */ = {
			isa = PBXSourcesBuildPhase;
			buildActionMask = 2147483647;
			files = (
				B183D7DD1F8530E200999139 /* ViewController.swift in Sources */,
				B183D7DB1F8530E200999139 /* AppDelegate.swift in Sources */,
			);
			runOnlyForDeploymentPostprocessing = 0;
		};
/* End PBXSourcesBuildPhase section */

/* Begin PBXVariantGroup section */
		B183D7E01F8530E200999139 /* Main.storyboard */ = {
			isa = PBXVariantGroup;
			children = (
				B183D7E11F8530E200999139 /* Base */,
			);
			name = Main.storyboard;
			sourceTree = "<group>";
		};
/* End PBXVariantGroup section */

/* Begin XCBuildConfiguration section */
		B183D7E51F8530E200999139 /* Debug */ = {
			isa = XCBuildConfiguration;
			buildSettings = {
				ALWAYS_SEARCH_USER_PATHS = NO;
				CLANG_ANALYZER_NONNULL = YES;
				CLANG_ANALYZER_NUMBER_OBJECT_CONVERSION = YES_AGGRESSIVE;
				CLANG_CXX_LANGUAGE_STANDARD = "gnu++14";
				CLANG_CXX_LIBRARY = "libc++";
				CLANG_ENABLE_MODULES = YES;
				CLANG_ENABLE_OBJC_ARC = YES;
				CLANG_WARN_BLOCK_CAPTURE_AUTORELEASING = YES;
				CLANG_WARN_BOOL_CONVERSION = YES;
				CLANG_WARN_COMMA = YES;
				CLANG_WARN_CONSTANT_CONVERSION = YES;
				CLANG_WARN_DIRECT_OBJC_ISA_USAGE = YES_ERROR;
				CLANG_WARN_DOCUMENTATION_COMMENTS = YES;
				CLANG_WARN_EMPTY_BODY = YES;
				CLANG_WARN_ENUM_CONVERSION = YES;
				CLANG_WARN_INFINITE_RECURSION = YES;
				CLANG_WARN_INT_CONVERSION = YES;
				CLANG_WARN_NON_LITERAL_NULL_CONVERSION = YES;
				CLANG_WARN_OBJC_LITERAL_CONVERSION = YES;
				CLANG_WARN_OBJC_ROOT_CLASS = YES_ERROR;
				CLANG_WARN_RANGE_LOOP_ANALYSIS = YES;
				CLANG_WARN_STRICT_PROTOTYPES = YES;
				CLANG_WARN_SUSPICIOUS_MOVE = YES;
				CLANG_WARN_UNGUARDED_AVAILABILITY = YES_AGGRESSIVE;
				CLANG_WARN_UNREACHABLE_CODE = YES;
				CLANG_WARN__DUPLICATE_METHOD_MATCH = YES;
				CODE_SIGN_IDENTITY = "Mac Developer";
				COPY_PHASE_STRIP = NO;
				DEBUG_INFORMATION_FORMAT = dwarf;
				ENABLE_STRICT_OBJC_MSGSEND = YES;
				ENABLE_TESTABILITY = YES;
				GCC_C_LANGUAGE_STANDARD = gnu11;
				GCC_DYNAMIC_NO_PIC = NO;
				GCC_NO_COMMON_BLOCKS = YES;
				GCC_OPTIMIZATION_LEVEL = 0;
				GCC_PREPROCESSOR_DEFINITIONS = (
					"DEBUG=1",
					"$(inherited)",
				);
				GCC_WARN_64_TO_32_BIT_CONVERSION = YES;
				GCC_WARN_ABOUT_RETURN_TYPE = YES_ERROR;
				GCC_WARN_UNDECLARED_SELECTOR = YES;
				GCC_WARN_UNINITIALIZED_AUTOS = YES_AGGRESSIVE;
				GCC_WARN_UNUSED_FUNCTION = YES;
				GCC_WARN_UNUSED_VARIABLE = YES;
				MACOSX_DEPLOYMENT_TARGET = 10.13;
				MTL_ENABLE_DEBUG_INFO = YES;
				ONLY_ACTIVE_ARCH = YES;
				SDKROOT = macosx;
				SWIFT_ACTIVE_COMPILATION_CONDITIONS = DEBUG;
				SWIFT_OPTIMIZATION_LEVEL = "-Onone";
			};
			name = Debug;
		};
		B183D7E61F8530E200999139 /* Release */ = {
			isa = XCBuildConfiguration;
			buildSettings = {
				ALWAYS_SEARCH_USER_PATHS = NO;
				CLANG_ANALYZER_NONNULL = YES;
				CLANG_ANALYZER_NUMBER_OBJECT_CONVERSION = YES_AGGRESSIVE;
				CLANG_CXX_LANGUAGE_STANDARD = "gnu++14";
				CLANG_CXX_LIBRARY = "libc++";
				CLANG_ENABLE_MODULES = YES;
				CLANG_ENABLE_OBJC_ARC = YES;
				CLANG_WARN_BLOCK_CAPTURE_AUTORELEASING = YES;
				CLANG_WARN_BOOL_CONVERSION = YES;
				CLANG_WARN_COMMA = YES;
				CLANG_WARN_CONSTANT_CONVERSION = YES;
				CLANG_WARN_DIRECT_OBJC_ISA_USAGE = YES_ERROR;
				CLANG_WARN_DOCUMENTATION_COMMENTS = YES;
				CLANG_WARN_EMPTY_BODY = YES;
				CLANG_WARN_ENUM_CONVERSION = YES;
				CLANG_WARN_INFINITE_RECURSION = YES;
				CLANG_WARN_INT_CONVERSION = YES;
				CLANG_WARN_NON_LITERAL_NULL_CONVERSION = YES;
				CLANG_WARN_OBJC_LITERAL_CONVERSION = YES;
				CLANG_WARN_OBJC_ROOT_CLASS = YES_ERROR;
				CLANG_WARN_RANGE_LOOP_ANALYSIS = YES;
				CLANG_WARN_STRICT_PROTOTYPES = YES;
				CLANG_WARN_SUSPICIOUS_MOVE = YES;
				CLANG_WARN_UNGUARDED_AVAILABILITY = YES_AGGRESSIVE;
				CLANG_WARN_UNREACHABLE_CODE = YES;
				CLANG_WARN__DUPLICATE_METHOD_MATCH = YES;
				CODE_SIGN_IDENTITY = "Mac Developer";
				COPY_PHASE_STRIP = NO;
				DEBUG_INFORMATION_FORMAT = "dwarf-with-dsym";
				ENABLE_NS_ASSERTIONS = NO;
				ENABLE_STRICT_OBJC_MSGSEND = YES;
				GCC_C_LANGUAGE_STANDARD = gnu11;
				GCC_NO_COMMON_BLOCKS = YES;
				GCC_WARN_64_TO_32_BIT_CONVERSION = YES;
				GCC_WARN_ABOUT_RETURN_TYPE = YES_ERROR;
				GCC_WARN_UNDECLARED_SELECTOR = YES;
				GCC_WARN_UNINITIALIZED_AUTOS = YES_AGGRESSIVE;
				GCC_WARN_UNUSED_FUNCTION = YES;
				GCC_WARN_UNUSED_VARIABLE = YES;
				MACOSX_DEPLOYMENT_TARGET = 10.13;
				MTL_ENABLE_DEBUG_INFO = NO;
				SDKROOT = macosx;
				SWIFT_OPTIMIZATION_LEVEL = "-Owholemodule";
			};
			name = Release;
		};
		B183D7E81F8530E200999139 /* Debug */ = {
			isa = XCBuildConfiguration;
			buildSettings = {
				ASSETCATALOG_COMPILER_APPICON_NAME = AppIcon;
				CODE_SIGN_ENTITLEMENTS = FolderOdessaDemo/FolderOdessaDemo.entitlements;
				CODE_SIGN_STYLE = Automatic;
				COMBINE_HIDPI_IMAGES = YES;
				DEVELOPMENT_TEAM = 2DS2B364WY;
				INFOPLIST_FILE = FolderOdessaDemo/Info.plist;
				LD_RUNPATH_SEARCH_PATHS = "$(inherited) @executable_path/../Frameworks";
				PRODUCT_BUNDLE_IDENTIFIER = ua.com.remotejob.FolderOdessaDemo;
				PRODUCT_NAME = "$(TARGET_NAME)";
				SWIFT_VERSION = 4.0;
			};
			name = Debug;
		};
		B183D7E91F8530E200999139 /* Release */ = {
			isa = XCBuildConfiguration;
			buildSettings = {
				ASSETCATALOG_COMPILER_APPICON_NAME = AppIcon;
				CODE_SIGN_ENTITLEMENTS = FolderOdessaDemo/FolderOdessaDemo.entitlements;
				CODE_SIGN_STYLE = Automatic;
				COMBINE_HIDPI_IMAGES = YES;
				DEVELOPMENT_TEAM = 2DS2B364WY;
				INFOPLIST_FILE = FolderOdessaDemo/Info.plist;
				LD_RUNPATH_SEARCH_PATHS = "$(inherited) @executable_path/../Frameworks";
				PRODUCT_BUNDLE_IDENTIFIER = ua.com.remotejob.FolderOdessaDemo;
				PRODUCT_NAME = "$(TARGET_NAME)";
				SWIFT_VERSION = 4.0;
			};
			name = Release;
		};
/* End XCBuildConfiguration section */

/* Begin XCConfigurationList section */
		B183D7D21F8530E200999139 /* Build configuration list for PBXProject "FolderOdessaDemo" */ = {
			isa = XCConfigurationList;
			buildConfigurations = (
				B183D7E51F8530E200999139 /* Debug */,
				B183D7E61F8530E200999139 /* Release */,
			);
			defaultConfigurationIsVisible = 0;
			defaultConfigurationName = Release;
		};
		B183D7E71F8530E200999139 /* Build configuration list for PBXNativeTarget "FolderOdessaDemo" */ = {
			isa = XCConfigurationList;
			buildConfigurations = (
				B183D7E81F8530E200999139 /* Debug */,
				B183D7E91F8530E200999139 /* Release */,
			);
			defaultConfigurationIsVisible = 0;
			defaultConfigurationName = Release;
		};
/* End XCConfigurationList section */
	};
	rootObject = B183D7CF1F8530E200999139 /* Project object */;
}
